
Microsoft Visual Studio Solution File, Format Version 12.00
# Visual Studio Version 17
VisualStudioVersion = 17.0.31903.59
MinimumVisualStudioVersion = 10.0.40219.1
Project("{FAE04EC0-301F-11D3-BF4B-00C04F79EFBC}") = "BigCollection", "BigCollection\BigCollection.csproj", "{937C3BE4-2551-433B-A8CF-A284CEAC12AE}"
EndProject
Global
	GlobalSection(SolutionConfigurationPlatforms) = preSolution
		Debug|Any CPU = Debug|Any CPU
		Release|Any CPU = Release|Any CPU
	EndGlobalSection
	GlobalSection(ProjectConfigurationPlatforms) = postSolution
		{937C3BE4-2551-433B-A8CF-A284CEAC12AE}.Debug|Any CPU.ActiveCfg = Debug|Any CPU
		{937C3BE4-2551-433B-A8CF-A284CEAC12AE}.Debug|Any CPU.Build.0 = Debug|Any CPU
		{937C3BE4-2551-433B-A8CF-A284CEAC12AE}.Release|Any CPU.ActiveCfg = Release|Any CPU
		{937C3BE4-2551-433B-A8CF-A284CEAC12AE}.Release|Any CPU.Build.0 = Release|Any CPU
	EndGlobalSection
	GlobalSection(SolutionProperties) = preSolution
		HideSolutionNode = FALSE
	EndGlobalSection
	GlobalSection(ExtensibilityGlobals) = postSolution
		SolutionGuid = {3576C65C-E4CF-4F8E-B841-57FD72D40351}
	EndGlobalSection
EndGlobal
